
Microsoft Visual Studio Solution File, Format Version 12.00
# Visual Studio Version 18
VisualStudioVersion = 18.6.11723.189 insiders
MinimumVisualStudioVersion = 10.0.40219.1
Project("{FAE04EC0-301F-11D3-BF4B-00C04F79EFBC}") = "ThreeButtonDialog", "ThreeButtonDialog.csproj", "{35F3EF2B-9102-98F5-75E5-118E18D1E107}"
EndProject
Global
	GlobalSection(SolutionConfigurationPlatforms) = preSolution
		Debug|Any CPU = Debug|Any CPU
		Release|Any CPU = Release|Any CPU
	EndGlobalSection
	GlobalSection(ProjectConfigurationPlatforms) = postSolution
		{35F3EF2B-9102-98F5-75E5-118E18D1E107}.Debug|Any CPU.ActiveCfg = Debug|Any CPU
		{35F3EF2B-9102-98F5-75E5-118E18D1E107}.Debug|Any CPU.Build.0 = Debug|Any CPU
		{35F3EF2B-9102-98F5-75E5-118E18D1E107}.Release|Any CPU.ActiveCfg = Release|Any CPU
		{35F3EF2B-9102-98F5-75E5-118E18D1E107}.Release|Any CPU.Build.0 = Release|Any CPU
	EndGlobalSection
	GlobalSection(SolutionProperties) = preSolution
		HideSolutionNode = FALSE
	EndGlobalSection
	GlobalSection(ExtensibilityGlobals) = postSolution
		SolutionGuid = {CE73979F-D35D-4410-B255-34D5D2BB0D3E}
	EndGlobalSection
EndGlobal
